// !$*UTF8*$!
{
	archiveVersion = 1;
	classes = {
	};
	objectVersion = 77;
	objects = {

/* Begin PBXBuildFile section */
		F86186012FF393C900EDA42B /* FirebaseAnalytics in Frameworks */ = {isa = PBXBuildFile; productRef = F86186002FF393C900EDA42B /* FirebaseAnalytics */; };
		F86186032FF393C900EDA42B /* FirebaseAnalyticsCore in Frameworks */ = {isa = PBXBuildFile; productRef = F86186022FF393C900EDA42B /* FirebaseAnalyticsCore */; };
		F8F5C81F2FDE1D6D0094D577 /* FirebaseAuth in Frameworks */ = {isa = PBXBuildFile; productRef = F8F5C81E2FDE1D6D0094D577 /* FirebaseAuth */; };
		F8F5C8212FDE1D6D0094D577 /* FirebaseCore in Frameworks */ = {isa = PBXBuildFile; productRef = F8F5C8202FDE1D6D0094D577 /* FirebaseCore */; };
		F8F5C8232FDE1D6D0094D577 /* FirebaseCrashlytics in Frameworks */ = {isa = PBXBuildFile; productRef = F8F5C8222FDE1D6D0094D577 /* FirebaseCrashlytics */; };
		F8F5C8252FDE1D6D0094D577 /* FirebaseFirestore in Frameworks */ = {isa = PBXBuildFile; productRef = F8F5C8242FDE1D6D0094D577 /* FirebaseFirestore */; };
		F8F5C8272FDE1D6D0094D577 /* FirebaseMessaging in Frameworks */ = {isa = PBXBuildFile; productRef = F8F5C8262FDE1D6D0094D577 /* FirebaseMessaging */; };
		F8F5C8292FDE1D6D0094D577 /* FirebaseRemoteConfig in Frameworks */ = {isa = PBXBuildFile; productRef = F8F5C8282FDE1D6D0094D577 /* FirebaseRemoteConfig */; };
		F8F5C8A52FDE22AF0094D577 /* GoogleSignIn in Frameworks */ = {isa = PBXBuildFile; productRef = F8F5C8A42FDE22AF0094D577 /* GoogleSignIn */; };
		F8F5C8A72FDE22AF0094D577 /* GoogleSignInSwift in Frameworks */ = {isa = PBXBuildFile; productRef = F8F5C8A62FDE22AF0094D577 /* GoogleSignInSwift */; };
/* End PBXBuildFile section */

/* Begin PBXContainerItemProxy section */
		F81A83AD30016E0400F6DFA1 /* PBXContainerItemProxy */ = {
			isa = PBXContainerItemProxy;
			containerPortal = 1A1000000000000000000006 /* Project object */;
			proxyType = 1;
			remoteGlobalIDString = 1A1000000000000000000005;
			remoteInfo = SAN;
		};
/* End PBXContainerItemProxy section */

/* Begin PBXFileReference section */
		1A1000000000000000000004 /* SAN.app */ = {isa = PBXFileReference; explicitFileType = wrapper.application; includeInIndex = 0; path = SAN.app; sourceTree = BUILT_PRODUCTS_DIR; };
		F81A83A930016E0400F6DFA1 /* SANTests.xctest */ = {isa = PBXFileReference; explicitFileType = wrapper.cfbundle; includeInIndex = 0; path = SANTests.xctest; sourceTree = BUILT_PRODUCTS_DIR; };
/* End PBXFileReference section */

/* Begin PBXFileSystemSynchronizedBuildFileExceptionSet section */
		F8F5C82E2FDE1EBC0094D577 /* Exceptions for "SAN" folder in "SAN" target */ = {
			isa = PBXFileSystemSynchronizedBuildFileExceptionSet;
			membershipExceptions = (
				Info.plist,
			);
			target = 1A1000000000000000000005 /* SAN */;
		};
/* End PBXFileSystemSynchronizedBuildFileExceptionSet section */

/* Begin PBXFileSystemSynchronizedRootGroup section */
		1A1000000000000000000002 /* SAN */ = {
			isa = PBXFileSystemSynchronizedRootGroup;
			exceptions = (
				F8F5C82E2FDE1EBC0094D577 /* Exceptions for "SAN" folder in "SAN" target */,
			);
			path = SAN;
			sourceTree = "<group>";
		};
		F81A83AA30016E0400F6DFA1 /* SANTests */ = {
			isa = PBXFileSystemSynchronizedRootGroup;
			path = SANTests;
			sourceTree = "<group>";
		};
/* End PBXFileSystemSynchronizedRootGroup section */

/* Begin PBXFrameworksBuildPhase section */
		1A1000000000000000000008 /* Frameworks */ = {
			isa = PBXFrameworksBuildPhase;
			buildActionMask = 2147483647;
			files = (
				F8F5C8232FDE1D6D0094D577 /* FirebaseCrashlytics in Frameworks */,
				F8F5C8252FDE1D6D0094D577 /* FirebaseFirestore in Frameworks */,
				F8F5C8272FDE1D6D0094D577 /* FirebaseMessaging in Frameworks */,
				F8F5C8A72FDE22AF0094D577 /* GoogleSignInSwift in Frameworks */,
				F8F5C8292FDE1D6D0094D577 /* FirebaseRemoteConfig in Frameworks */,
				F8F5C8212FDE1D6D0094D577 /* FirebaseCore in Frameworks */,
				F8F5C81F2FDE1D6D0094D577 /* FirebaseAuth in Frameworks */,
				F86186032FF393C900EDA42B /* FirebaseAnalyticsCore in Frameworks */,
				F8F5C8A52FDE22AF0094D577 /* GoogleSignIn in Frameworks */,
				F86186012FF393C900EDA42B /* FirebaseAnalytics in Frameworks */,
			);
			runOnlyForDeploymentPostprocessing = 0;
		};
		F81A83A630016E0400F6DFA1 /* Frameworks */ = {
			isa = PBXFrameworksBuildPhase;
			buildActionMask = 2147483647;
			files = (
			);
			runOnlyForDeploymentPostprocessing = 0;
		};
/* End PBXFrameworksBuildPhase section */

/* Begin PBXGroup section */
		1A1000000000000000000001 = {
			isa = PBXGroup;
			children = (
				1A1000000000000000000002 /* SAN */,
				F81A83AA30016E0400F6DFA1 /* SANTests */,
				F86185FF2FF393C900EDA42B /* Frameworks */,
				1A1000000000000000000003 /* Products */,
			);
			sourceTree = "<group>";
		};
		1A1000000000000000000003 /* Products */ = {
			isa = PBXGroup;
			children = (
				1A1000000000000000000004 /* SAN.app */,
				F81A83A930016E0400F6DFA1 /* SANTests.xctest */,
			);
			name = Products;
			sourceTree = "<group>";
		};
		F86185FF2FF393C900EDA42B /* Frameworks */ = {
			isa = PBXGroup;
			children = (
			);
			name = Frameworks;
			sourceTree = "<group>";
		};
/* End PBXGroup section */

/* Begin PBXNativeTarget section */
		1A1000000000000000000005 /* SAN */ = {
			isa = PBXNativeTarget;
			buildConfigurationList = 1A100000000000000000000A /* Build configuration list for PBXNativeTarget "SAN" */;
			buildPhases = (
				1A1000000000000000000007 /* Sources */,
				1A1000000000000000000008 /* Frameworks */,
				1A1000000000000000000009 /* Resources */,
			);
			buildRules = (
			);
			dependencies = (
			);
			fileSystemSynchronizedGroups = (
				1A1000000000000000000002 /* SAN */,
			);
			name = SAN;
			packageProductDependencies = (
				F8F5C81E2FDE1D6D0094D577 /* FirebaseAuth */,
				F8F5C8202FDE1D6D0094D577 /* FirebaseCore */,
				F8F5C8222FDE1D6D0094D577 /* FirebaseCrashlytics */,
				F8F5C8242FDE1D6D0094D577 /* FirebaseFirestore */,
				F8F5C8262FDE1D6D0094D577 /* FirebaseMessaging */,
				F8F5C8282FDE1D6D0094D577 /* FirebaseRemoteConfig */,
				F8F5C8A42FDE22AF0094D577 /* GoogleSignIn */,
				F8F5C8A62FDE22AF0094D577 /* GoogleSignInSwift */,
				F86186002FF393C900EDA42B /* FirebaseAnalytics */,
				F86186022FF393C900EDA42B /* FirebaseAnalyticsCore */,
			);
			productName = SAN;
			productReference = 1A1000000000000000000004 /* SAN.app */;
			productType = "com.apple.product-type.application";
		};
		F81A83A830016E0400F6DFA1 /* SANTests */ = {
			isa = PBXNativeTarget;
			buildConfigurationList = F81A83B130016E0400F6DFA1 /* Build configuration list for PBXNativeTarget "SANTests" */;
			buildPhases = (
				F81A83A530016E0400F6DFA1 /* Sources */,
				F81A83A630016E0400F6DFA1 /* Frameworks */,
				F81A83A730016E0400F6DFA1 /* Resources */,
			);
			buildRules = (
			);
			dependencies = (
				F81A83AE30016E0400F6DFA1 /* PBXTargetDependency */,
			);
			fileSystemSynchronizedGroups = (
				F81A83AA30016E0400F6DFA1 /* SANTests */,
			);
			name = SANTests;
			packageProductDependencies = (
			);
			productName = SANTests;
			productReference = F81A83A930016E0400F6DFA1 /* SANTests.xctest */;
			productType = "com.apple.product-type.bundle.unit-test";
		};
/* End PBXNativeTarget section */

/* Begin PBXProject section */
		1A1000000000000000000006 /* Project object */ = {
			isa = PBXProject;
			attributes = {
				BuildIndependentTargetsInParallel = 1;
				LastSwiftUpdateCheck = 2630;
				LastUpgradeCheck = 1600;
				TargetAttributes = {
					1A1000000000000000000005 = {
						CreatedOnToolsVersion = 16.0;
					};
					F81A83A830016E0400F6DFA1 = {
						CreatedOnToolsVersion = 26.3;
						TestTargetID = 1A1000000000000000000005;
					};
				};
			};
			buildConfigurationList = 1A100000000000000000000B /* Build configuration list for PBXProject "SAN" */;
			developmentRegion = ru;
			hasScannedForEncodings = 0;
			knownRegions = (
				ru,
				en,
				ky,
				Base,
			);
			mainGroup = 1A1000000000000000000001;
			minimizedProjectReferenceProxies = 1;
			packageReferences = (
				F8F5C81D2FDE1D6D0094D577 /* XCRemoteSwiftPackageReference "firebase-ios-sdk" */,
				F8F5C8A32FDE22AF0094D577 /* XCRemoteSwiftPackageReference "GoogleSignIn-iOS" */,
			);
			preferredProjectObjectVersion = 77;
			productRefGroup = 1A1000000000000000000003 /* Products */;
			projectDirPath = "";
			projectRoot = "";
			targets = (
				1A1000000000000000000005 /* SAN */,
				F81A83A830016E0400F6DFA1 /* SANTests */,
			);
		};
/* End PBXProject section */

/* Begin PBXResourcesBuildPhase section */
		1A1000000000000000000009 /* Resources */ = {
			isa = PBXResourcesBuildPhase;
			buildActionMask = 2147483647;
			files = (
			);
			runOnlyForDeploymentPostprocessing = 0;
		};
		F81A83A730016E0400F6DFA1 /* Resources */ = {
			isa = PBXResourcesBuildPhase;
			buildActionMask = 2147483647;
			files = (
			);
			runOnlyForDeploymentPostprocessing = 0;
		};
/* End PBXResourcesBuildPhase section */

/* Begin PBXSourcesBuildPhase section */
		1A1000000000000000000007 /* Sources */ = {
			isa = PBXSourcesBuildPhase;
			buildActionMask = 2147483647;
			files = (
			);
			runOnlyForDeploymentPostprocessing = 0;
		};
		F81A83A530016E0400F6DFA1 /* Sources */ = {
			isa = PBXSourcesBuildPhase;
			buildActionMask = 2147483647;
			files = (
			);
			runOnlyForDeploymentPostprocessing = 0;
		};
/* End PBXSourcesBuildPhase section */

/* Begin PBXTargetDependency section */
		F81A83AE30016E0400F6DFA1 /* PBXTargetDependency */ = {
			isa = PBXTargetDependency;
			target = 1A1000000000000000000005 /* SAN */;
			targetProxy = F81A83AD30016E0400F6DFA1 /* PBXContainerItemProxy */;
		};
/* End PBXTargetDependency section */

/* Begin XCBuildConfiguration section */
		1A100000000000000000000C /* Debug */ = {
			isa = XCBuildConfiguration;
			buildSettings = {
				ALWAYS_SEARCH_USER_PATHS = NO;
				ASSETCATALOG_COMPILER_GENERATE_SWIFT_ASSET_SYMBOL_EXTENSIONS = YES;
				CLANG_ENABLE_MODULES = YES;
				CLANG_ENABLE_OBJC_ARC = YES;
				COPY_PHASE_STRIP = NO;
				DEBUG_INFORMATION_FORMAT = dwarf;
				ENABLE_STRICT_OBJC_MSGSEND = YES;
				ENABLE_TESTABILITY = YES;
				ENABLE_USER_SCRIPT_SANDBOXING = YES;
				GCC_C_LANGUAGE_STANDARD = gnu17;
				GCC_DYNAMIC_NO_PIC = NO;
				GCC_NO_COMMON_BLOCKS = YES;
				GCC_OPTIMIZATION_LEVEL = 0;
				GCC_PREPROCESSOR_DEFINITIONS = (
					"DEBUG=1",
					"$(inherited)",
				);
				IPHONEOS_DEPLOYMENT_TARGET = 17.0;
				LOCALIZATION_PREFERS_STRING_CATALOGS = YES;
				MTL_ENABLE_DEBUG_INFO = INCLUDE_SOURCE;
				MTL_FAST_MATH = YES;
				ONLY_ACTIVE_ARCH = YES;
				SDKROOT = iphoneos;
				SWIFT_ACTIVE_COMPILATION_CONDITIONS = "DEBUG $(inherited)";
				SWIFT_OPTIMIZATION_LEVEL = "-Onone";
			};
			name = Debug;
		};
		1A100000000000000000000D /* Release */ = {
			isa = XCBuildConfiguration;
			buildSettings = {
				ALWAYS_SEARCH_USER_PATHS = NO;
				ASSETCATALOG_COMPILER_GENERATE_SWIFT_ASSET_SYMBOL_EXTENSIONS = YES;
				CLANG_ENABLE_MODULES = YES;
				CLANG_ENABLE_OBJC_ARC = YES;
				COPY_PHASE_STRIP = NO;
				DEBUG_INFORMATION_FORMAT = "dwarf-with-dsym";
				ENABLE_NS_ASSERTIONS = NO;
				ENABLE_STRICT_OBJC_MSGSEND = YES;
				ENABLE_USER_SCRIPT_SANDBOXING = YES;
				GCC_C_LANGUAGE_STANDARD = gnu17;
				GCC_NO_COMMON_BLOCKS = YES;
				IPHONEOS_DEPLOYMENT_TARGET = 17.0;
				LOCALIZATION_PREFERS_STRING_CATALOGS = YES;
				MTL_ENABLE_DEBUG_INFO = NO;
				MTL_FAST_MATH = YES;
				SDKROOT = iphoneos;
				SWIFT_COMPILATION_MODE = wholemodule;
				VALIDATE_PRODUCT = YES;
			};
			name = Release;
		};
		1A100000000000000000000E /* Debug */ = {
			isa = XCBuildConfiguration;
			buildSettings = {
				ASSETCATALOG_COMPILER_APPICON_NAME = AppIcon;
				ASSETCATALOG_COMPILER_GLOBAL_ACCENT_COLOR_NAME = AccentColor;
				CODE_SIGN_ENTITLEMENTS = SAN/SAN.entitlements;
				CODE_SIGN_STYLE = Automatic;
				CURRENT_PROJECT_VERSION = 1;
				DEVELOPMENT_TEAM = R6W6JK63KU;
				ENABLE_PREVIEWS = YES;
				GENERATE_INFOPLIST_FILE = YES;
				INFOPLIST_FILE = SAN/Info.plist;
				INFOPLIST_KEY_CFBundleDisplayName = Ayant;
				INFOPLIST_KEY_LSApplicationCategoryType = "public.app-category.food-and-drink";
				INFOPLIST_KEY_UIApplicationSceneManifest_Generation = YES;
				INFOPLIST_KEY_UIApplicationSupportsIndirectInputEvents = YES;
				INFOPLIST_KEY_UILaunchScreen_Generation = YES;
				INFOPLIST_KEY_UISupportedInterfaceOrientations_iPhone = UIInterfaceOrientationPortrait;
				IPHONEOS_DEPLOYMENT_TARGET = 26.0;
				LD_RUNPATH_SEARCH_PATHS = (
					"$(inherited)",
					"@executable_path/Frameworks",
				);
				MARKETING_VERSION = 0.1;
				PRODUCT_BUNDLE_IDENTIFIER = kg.san.app;
				PRODUCT_NAME = "$(TARGET_NAME)";
				SWIFT_EMIT_LOC_STRINGS = YES;
				SWIFT_VERSION = 5.0;
				TARGETED_DEVICE_FAMILY = 1;
			};
			name = Debug;
		};
		1A100000000000000000000F /* Release */ = {
			isa = XCBuildConfiguration;
			buildSettings = {
				ASSETCATALOG_COMPILER_APPICON_NAME = AppIcon;
				ASSETCATALOG_COMPILER_GLOBAL_ACCENT_COLOR_NAME = AccentColor;
				CODE_SIGN_ENTITLEMENTS = SAN/SAN.entitlements;
				CODE_SIGN_STYLE = Automatic;
				CURRENT_PROJECT_VERSION = 1;
				DEVELOPMENT_TEAM = R6W6JK63KU;
				ENABLE_PREVIEWS = YES;
				GENERATE_INFOPLIST_FILE = YES;
				INFOPLIST_FILE = SAN/Info.plist;
				INFOPLIST_KEY_CFBundleDisplayName = Ayant;
				INFOPLIST_KEY_LSApplicationCategoryType = "public.app-category.food-and-drink";
				INFOPLIST_KEY_UIApplicationSceneManifest_Generation = YES;
				INFOPLIST_KEY_UIApplicationSupportsIndirectInputEvents = YES;
				INFOPLIST_KEY_UILaunchScreen_Generation = YES;
				INFOPLIST_KEY_UISupportedInterfaceOrientations_iPhone = UIInterfaceOrientationPortrait;
				IPHONEOS_DEPLOYMENT_TARGET = 26.0;
				LD_RUNPATH_SEARCH_PATHS = (
					"$(inherited)",
					"@executable_path/Frameworks",
				);
				MARKETING_VERSION = 0.1;
				PRODUCT_BUNDLE_IDENTIFIER = kg.san.app;
				PRODUCT_NAME = "$(TARGET_NAME)";
				SWIFT_EMIT_LOC_STRINGS = YES;
				SWIFT_VERSION = 5.0;
				TARGETED_DEVICE_FAMILY = 1;
			};
			name = Release;
		};
		F81A83AF30016E0400F6DFA1 /* Debug */ = {
			isa = XCBuildConfiguration;
			buildSettings = {
				BUNDLE_LOADER = "$(TEST_HOST)";
				CLANG_ANALYZER_NONNULL = YES;
				CLANG_ANALYZER_NUMBER_OBJECT_CONVERSION = YES_AGGRESSIVE;
				CLANG_CXX_LANGUAGE_STANDARD = "gnu++20";
				CLANG_ENABLE_OBJC_WEAK = YES;
				CLANG_WARN_BLOCK_CAPTURE_AUTORELEASING = YES;
				CLANG_WARN_BOOL_CONVERSION = YES;
				CLANG_WARN_COMMA = YES;
				CLANG_WARN_CONSTANT_CONVERSION = YES;
				CLANG_WARN_DEPRECATED_OBJC_IMPLEMENTATIONS = YES;
				CLANG_WARN_DIRECT_OBJC_ISA_USAGE = YES_ERROR;
				CLANG_WARN_DOCUMENTATION_COMMENTS = YES;
				CLANG_WARN_EMPTY_BODY = YES;
				CLANG_WARN_ENUM_CONVERSION = YES;
				CLANG_WARN_INFINITE_RECURSION = YES;
				CLANG_WARN_INT_CONVERSION = YES;
				CLANG_WARN_NON_LITERAL_NULL_CONVERSION = YES;
				CLANG_WARN_OBJC_IMPLICIT_RETAIN_SELF = YES;
				CLANG_WARN_OBJC_LITERAL_CONVERSION = YES;
				CLANG_WARN_OBJC_ROOT_CLASS = YES_ERROR;
				CLANG_WARN_QUOTED_INCLUDE_IN_FRAMEWORK_HEADER = YES;
				CLANG_WARN_RANGE_LOOP_ANALYSIS = YES;
				CLANG_WARN_STRICT_PROTOTYPES = YES;
				CLANG_WARN_SUSPICIOUS_MOVE = YES;
				CLANG_WARN_UNGUARDED_AVAILABILITY = YES_AGGRESSIVE;
				CLANG_WARN_UNREACHABLE_CODE = YES;
				CLANG_WARN__DUPLICATE_METHOD_MATCH = YES;
				CODE_SIGN_STYLE = Automatic;
				CURRENT_PROJECT_VERSION = 1;
				DEVELOPMENT_TEAM = R6W6JK63KU;
				GCC_WARN_64_TO_32_BIT_CONVERSION = YES;
				GCC_WARN_ABOUT_RETURN_TYPE = YES_ERROR;
				GCC_WARN_UNDECLARED_SELECTOR = YES;
				GCC_WARN_UNINITIALIZED_AUTOS = YES_AGGRESSIVE;
				GCC_WARN_UNUSED_FUNCTION = YES;
				GCC_WARN_UNUSED_VARIABLE = YES;
				GENERATE_INFOPLIST_FILE = YES;
				IPHONEOS_DEPLOYMENT_TARGET = 26.2;
				MARKETING_VERSION = 1.0;
				PRODUCT_BUNDLE_IDENTIFIER = kg.san.SANTests;
				PRODUCT_NAME = "$(TARGET_NAME)";
				STRING_CATALOG_GENERATE_SYMBOLS = NO;
				SWIFT_APPROACHABLE_CONCURRENCY = YES;
				SWIFT_EMIT_LOC_STRINGS = NO;
				SWIFT_UPCOMING_FEATURE_MEMBER_IMPORT_VISIBILITY = YES;
				SWIFT_VERSION = 5.0;
				TARGETED_DEVICE_FAMILY = "1,2";
				TEST_HOST = "$(BUILT_PRODUCTS_DIR)/SAN.app/$(BUNDLE_EXECUTABLE_FOLDER_PATH)/SAN";
			};
			name = Debug;
		};
		F81A83B030016E0400F6DFA1 /* Release */ = {
			isa = XCBuildConfiguration;
			buildSettings = {
				BUNDLE_LOADER = "$(TEST_HOST)";
				CLANG_ANALYZER_NONNULL = YES;
				CLANG_ANALYZER_NUMBER_OBJECT_CONVERSION = YES_AGGRESSIVE;
				CLANG_CXX_LANGUAGE_STANDARD = "gnu++20";
				CLANG_ENABLE_OBJC_WEAK = YES;
				CLANG_WARN_BLOCK_CAPTURE_AUTORELEASING = YES;
				CLANG_WARN_BOOL_CONVERSION = YES;
				CLANG_WARN_COMMA = YES;
				CLANG_WARN_CONSTANT_CONVERSION = YES;
				CLANG_WARN_DEPRECATED_OBJC_IMPLEMENTATIONS = YES;
				CLANG_WARN_DIRECT_OBJC_ISA_USAGE = YES_ERROR;
				CLANG_WARN_DOCUMENTATION_COMMENTS = YES;
				CLANG_WARN_EMPTY_BODY = YES;
				CLANG_WARN_ENUM_CONVERSION = YES;
				CLANG_WARN_INFINITE_RECURSION = YES;
				CLANG_WARN_INT_CONVERSION = YES;
				CLANG_WARN_NON_LITERAL_NULL_CONVERSION = YES;
				CLANG_WARN_OBJC_IMPLICIT_RETAIN_SELF = YES;
				CLANG_WARN_OBJC_LITERAL_CONVERSION = YES;
				CLANG_WARN_OBJC_ROOT_CLASS = YES_ERROR;
				CLANG_WARN_QUOTED_INCLUDE_IN_FRAMEWORK_HEADER = YES;
				CLANG_WARN_RANGE_LOOP_ANALYSIS = YES;
				CLANG_WARN_STRICT_PROTOTYPES = YES;
				CLANG_WARN_SUSPICIOUS_MOVE = YES;
				CLANG_WARN_UNGUARDED_AVAILABILITY = YES_AGGRESSIVE;
				CLANG_WARN_UNREACHABLE_CODE = YES;
				CLANG_WARN__DUPLICATE_METHOD_MATCH = YES;
				CODE_SIGN_STYLE = Automatic;
				CURRENT_PROJECT_VERSION = 1;
				DEVELOPMENT_TEAM = R6W6JK63KU;
				GCC_WARN_64_TO_32_BIT_CONVERSION = YES;
				GCC_WARN_ABOUT_RETURN_TYPE = YES_ERROR;
				GCC_WARN_UNDECLARED_SELECTOR = YES;
				GCC_WARN_UNINITIALIZED_AUTOS = YES_AGGRESSIVE;
				GCC_WARN_UNUSED_FUNCTION = YES;
				GCC_WARN_UNUSED_VARIABLE = YES;
				GENERATE_INFOPLIST_FILE = YES;
				IPHONEOS_DEPLOYMENT_TARGET = 26.2;
				MARKETING_VERSION = 1.0;
				PRODUCT_BUNDLE_IDENTIFIER = kg.san.SANTests;
				PRODUCT_NAME = "$(TARGET_NAME)";
				STRING_CATALOG_GENERATE_SYMBOLS = NO;
				SWIFT_APPROACHABLE_CONCURRENCY = YES;
				SWIFT_EMIT_LOC_STRINGS = NO;
				SWIFT_UPCOMING_FEATURE_MEMBER_IMPORT_VISIBILITY = YES;
				SWIFT_VERSION = 5.0;
				TARGETED_DEVICE_FAMILY = "1,2";
				TEST_HOST = "$(BUILT_PRODUCTS_DIR)/SAN.app/$(BUNDLE_EXECUTABLE_FOLDER_PATH)/SAN";
			};
			name = Release;
		};
/* End XCBuildConfiguration section */

/* Begin XCConfigurationList section */
		1A100000000000000000000A /* Build configuration list for PBXNativeTarget "SAN" */ = {
			isa = XCConfigurationList;
			buildConfigurations = (
				1A100000000000000000000E /* Debug */,
				1A100000000000000000000F /* Release */,
			);
			defaultConfigurationIsVisible = 0;
			defaultConfigurationName = Release;
		};
		1A100000000000000000000B /* Build configuration list for PBXProject "SAN" */ = {
			isa = XCConfigurationList;
			buildConfigurations = (
				1A100000000000000000000C /* Debug */,
				1A100000000000000000000D /* Release */,
			);
			defaultConfigurationIsVisible = 0;
			defaultConfigurationName = Release;
		};
		F81A83B130016E0400F6DFA1 /* Build configuration list for PBXNativeTarget "SANTests" */ = {
			isa = XCConfigurationList;
			buildConfigurations = (
				F81A83AF30016E0400F6DFA1 /* Debug */,
				F81A83B030016E0400F6DFA1 /* Release */,
			);
			defaultConfigurationIsVisible = 0;
			defaultConfigurationName = Release;
		};
/* End XCConfigurationList section */

/* Begin XCRemoteSwiftPackageReference section */
		F8F5C81D2FDE1D6D0094D577 /* XCRemoteSwiftPackageReference "firebase-ios-sdk" */ = {
			isa = XCRemoteSwiftPackageReference;
			repositoryURL = "https://github.com/firebase/firebase-ios-sdk";
			requirement = {
				kind = upToNextMajorVersion;
				minimumVersion = 12.14.0;
			};
		};
		F8F5C8A32FDE22AF0094D577 /* XCRemoteSwiftPackageReference "GoogleSignIn-iOS" */ = {
			isa = XCRemoteSwiftPackageReference;
			repositoryURL = "https://github.com/google/GoogleSignIn-iOS";
			requirement = {
				kind = upToNextMajorVersion;
				minimumVersion = 9.1.0;
			};
		};
/* End XCRemoteSwiftPackageReference section */

/* Begin XCSwiftPackageProductDependency section */
		F86186002FF393C900EDA42B /* FirebaseAnalytics */ = {
			isa = XCSwiftPackageProductDependency;
			package = F8F5C81D2FDE1D6D0094D577 /* XCRemoteSwiftPackageReference "firebase-ios-sdk" */;
			productName = FirebaseAnalytics;
		};
		F86186022FF393C900EDA42B /* FirebaseAnalyticsCore */ = {
			isa = XCSwiftPackageProductDependency;
			package = F8F5C81D2FDE1D6D0094D577 /* XCRemoteSwiftPackageReference "firebase-ios-sdk" */;
			productName = FirebaseAnalyticsCore;
		};
		F8F5C81E2FDE1D6D0094D577 /* FirebaseAuth */ = {
			isa = XCSwiftPackageProductDependency;
			package = F8F5C81D2FDE1D6D0094D577 /* XCRemoteSwiftPackageReference "firebase-ios-sdk" */;
			productName = FirebaseAuth;
		};
		F8F5C8202FDE1D6D0094D577 /* FirebaseCore */ = {
			isa = XCSwiftPackageProductDependency;
			package = F8F5C81D2FDE1D6D0094D577 /* XCRemoteSwiftPackageReference "firebase-ios-sdk" */;
			productName = FirebaseCore;
		};
		F8F5C8222FDE1D6D0094D577 /* FirebaseCrashlytics */ = {
			isa = XCSwiftPackageProductDependency;
			package = F8F5C81D2FDE1D6D0094D577 /* XCRemoteSwiftPackageReference "firebase-ios-sdk" */;
			productName = FirebaseCrashlytics;
		};
		F8F5C8242FDE1D6D0094D577 /* FirebaseFirestore */ = {
			isa = XCSwiftPackageProductDependency;
			package = F8F5C81D2FDE1D6D0094D577 /* XCRemoteSwiftPackageReference "firebase-ios-sdk" */;
			productName = FirebaseFirestore;
		};
		F8F5C8262FDE1D6D0094D577 /* FirebaseMessaging */ = {
			isa = XCSwiftPackageProductDependency;
			package = F8F5C81D2FDE1D6D0094D577 /* XCRemoteSwiftPackageReference "firebase-ios-sdk" */;
			productName = FirebaseMessaging;
		};
		F8F5C8282FDE1D6D0094D577 /* FirebaseRemoteConfig */ = {
			isa = XCSwiftPackageProductDependency;
			package = F8F5C81D2FDE1D6D0094D577 /* XCRemoteSwiftPackageReference "firebase-ios-sdk" */;
			productName = FirebaseRemoteConfig;
		};
		F8F5C8A42FDE22AF0094D577 /* GoogleSignIn */ = {
			isa = XCSwiftPackageProductDependency;
			package = F8F5C8A32FDE22AF0094D577 /* XCRemoteSwiftPackageReference "GoogleSignIn-iOS" */;
			productName = GoogleSignIn;
		};
		F8F5C8A62FDE22AF0094D577 /* GoogleSignInSwift */ = {
			isa = XCSwiftPackageProductDependency;
			package = F8F5C8A32FDE22AF0094D577 /* XCRemoteSwiftPackageReference "GoogleSignIn-iOS" */;
			productName = GoogleSignInSwift;
		};
/* End XCSwiftPackageProductDependency section */
	};
	rootObject = 1A1000000000000000000006 /* Project object */;
}
